# This file is automatically @generated by Cargo.
# It is not intended for manual editing.
version = 4

[[package]]
name = "analysis"
version = "0.0.0"
dependencies = [
 "compute",
 "gravity",
 "instrument",
 "source",
 "state",
]

[[package]]
name = "compute"
version = "0.0.0"
dependencies = [
 "gravity",
 "instrument",
 "math",
 "source",
]

[[package]]
name = "config"
version = "0.0.0"

[[package]]
name = "generate"
version = "0.0.0"
dependencies = [
 "compute",
 "gravity",
 "instrument",
 "noise",
 "reference",
 "scenario",
 "state",
 "uldm",
]

[[package]]
name = "gravity"
version = "0.0.0"
dependencies = [
 "math",
]

[[package]]
name = "instrument"
version = "0.0.0"
dependencies = [
 "gravity",
 "math",
 "source",
]

[[package]]
name = "math"
version = "0.0.0"

[[package]]
name = "noise"
version = "0.0.0"
dependencies = [
 "gravity",
 "math",
]

[[package]]
name = "reference"
version = "0.0.0"
dependencies = [
 "math",
]

[[package]]
name = "scenario"
version = "0.0.0"
dependencies = [
 "config",
 "instrument",
 "noise",
 "source",
 "uldm",
]

[[package]]
name = "sdk"
version = "0.0.0"
dependencies = [
 "config",
 "generate",
 "scenario",
 "state",
]

[[package]]
name = "shape"
version = "0.0.0"
dependencies = [
 "gravity",
 "math",
]

[[package]]
name = "source"
version = "0.0.0"
dependencies = [
 "gravity",
 "math",
 "shape",
]

[[package]]
name = "state"
version = "0.0.0"
dependencies = [
 "math",
]

[[package]]
name = "uldm"
version = "0.0.0"
dependencies = [
 "math",
]

[[package]]
name = "viewer"
version = "0.0.0"
dependencies = [
 "generate",
 "gravity",
 "state",
]
